{
  "name": "wellness-internationale",
  "version": "0.0.0",
  "lockfileVersion": 3,
  "requires": true,
  "packages": {
    "": {
      "name": "wellness-internationale",
      "version": "0.0.0",
      "dependencies": {
        "@google/genai": "^0.12.0",
        "react": "^18.2.0",
        "react-dom": "^18.2.0"
      },
      "devDependencies": {
        "@types/react": "^18.2.43",
        "@types/react-dom": "^18.2.17",
        "@vitejs/plugin-react": "^4.2.1",
        "autoprefixer": "^10.4.19",
        "postcss": "^8.4.38",
        "tailwindcss": "^3.4.1",
        "typescript": "^5.2.2",
        "vite": "^5.0.8"
      }
    },
    "node_modules/@babel/runtime": {
      "version": "7.24.7",
      "resolved": "https://registry.npmjs.org/@babel/runtime/-/runtime-7.24.7.tgz",
      "integrity": "sha512-Uqy541vr6invP8i2Kws4g9CL4senKgmD9veL2tJ2n2vI1sS5lGkwdgd5Kcy+YI/c2q0Fqs2hT5T/9I9T1e6xsw==",
      "dependencies": {
        "regenerator-runtime": "^0.14.0"
      },
      "engines": {
        "node": ">=6.9.0"
      }
    },
    "node_modules/@google/genai": {
      "version": "0.12.0",
      "resolved": "https://registry.npmjs.org/@google/genai/-/genai-0.12.0.tgz",
      "integrity": "sha512-Yc8Qmn5Vp/5f9A0T5oPBRVS3tqL6U0DMq+2aH5gPTj1a6VDBX6ML8yIqcF7Vw49qE86A7/uomkGhJG+3L3pIeQ==",
      "dependencies": {
        "@babel/runtime": "^7.23.2"
      },
      "engines": {
        "node": ">=18.0.0"
      }
    },
    "node_modules/@jridgewell/gen-mapping": {
      "version": "0.3.5",
      "resolved": "https://registry.npmjs.org/@jridgewell/gen-mapping/-/gen-mapping-0.3.5.tgz",
      "integrity": "sha512-cPVnOPsG67k60u3a5b1T808+0+cvo454tLnmf2ncu0+Qn+lwx3/eP/3kK2K9N323aZpP8xWd4lI9+Q95YALhA==",
      "dev": true,
      "dependencies": {
        "@jridgewell/set-array": "^1.0.1",
        "@jridgewell/sourcemap-codec": "^1.4.10",
        "@jridgewell/trace-mapping": "^0.3.9"
      },
      "engines": {
        "node": ">=6.0.0"
      }
    },
    "node_modules/@jridgewell/resolve-uri": {
      "version": "3.1.2",
      "resolved": "https://registry.npmjs.org/@jridgewell/resolve-uri/-/resolve-uri-3.1.2.tgz",
      "integrity": "sha512-bRISgCIjP20/tbbsTA48ioP3f9OKe22t4iwp+Qz6sv8bC40dABm633vGSALDbEG8iZz5s12s4y_2uTz2r0s1GA==",
      "dev": true,
      "engines": {
        "node": ">=6.0.0"
      }
    },
    "node_modules/@jridgewell/set-array": {
      "version": "1.2.1",
      "resolved": "https://registry.npmjs.org/@jridgewell/set-array/-/set-array-1.2.1.tgz",
      "integrity": "sha512-exk7fdfqudcHb2T3eA8d4Od6x4hSht9l19Y9ol6L4I0a2f7t5r1n9ceim4a6RcHerwRbs97m5wz+tAKVp+3sUw==",
      "dev": true,
      "engines": {
        "node": ">=6.0.0"
      }
    },
    "node_modules/@jridgewell/sourcemap-codec": {
      "version": "1.4.15",
      "resolved": "https://registry.npmjs.org/@jridgewell/sourcemap-codec/-/sourcemap-codec-1.4.15.tgz",
      "integrity": "sha512-eF2rxCRulEKXHTRiDrDy6erMYDqNw4vOftLIGIncb1EtwKeU+i6SvwBwGWIoiZ9l4DPcd9cfNLOiPjyJ2h4vug==",
      "dev": true
    },
    "node_modules/@jridgewell/trace-mapping": {
      "version": "0.3.25",
      "resolved": "https://registry.npmjs.org/@jridgewell/trace-mapping/-/trace-mapping-0.3.25.tgz",
      "integrity": "sha512-vNk60WpS5OfkI6+B+dJODfSPhWl2ffcCRNSb0StsEK5v6c73sdab8kYy0043yPL+h Pennington.d/1LQOXGfi5IKxUA==",
      "dev": true,
      "dependencies": {
        "@jridgewell/resolve-uri": "3.1.2",
        "@jridgewell/sourcemap-codec": "1.4.15"
      }
    },
    "node_modules/@types/prop-types": {
      "version": "15.7.12",
      "resolved": "https://registry.npmjs.org/@types/prop-types/-/prop-types-15.7.12.tgz",
      "integrity": "sha512-5zvhXYS3icfNlvmqgTzwcrPoQBn+IVfK9+bkR224Yx6eAa075KNYcpA7IVVmxVS249rF9xzzvS93r9A0s7a2PA==",
      "dev": true
    },
    "node_modules/@types/react": {
      "version": "18.3.3",
      "resolved": "https://registry.npmjs.org/@types/react/-/react-18.3.3.tgz",
      "integrity": "sha512-hti/R0pS0q1/xx+TsI73AbQRVoe/bb5SHoxb3FFulAyY2zGguGdQheJA7x3u0TnifFa/pEVsJQ7IZHn2g9EvVg==",
      "dev": true,
      "dependencies": {
        "@types/prop-types": "*",
        "csstype": "^3.0.2"
      }
    },
    "node_modules/@types/react-dom": {
      "version": "18.3.0",
      "resolved": "https://registry.npmjs.org/@types/react-dom/-/react-dom-18.3.0.tgz",
      "integrity": "sha512-EhwApuTmMBm4Ky3s2qsC7HK2L3OMLfH3QM5+G/M9U9b8a5S/L4v4sK9U4E33RW2o/1oJNoS7d8+402zB/tq1w==",
      "dev": true,
      "dependencies": {
        "@types/react": "*"
      }
    },
    "node_modules/@vitejs/plugin-react": {
      "version": "4.3.1",
      "resolved": "https://registry.npmjs.org/@vitejs/plugin-react/-/plugin-react-4.3.1.tgz",
      "integrity": "sha512-D0h6Yc5Foy2U020Qab5ulDPEOx3TV9qgAU79p5d35vI1a3nUa323f2u/6k5dYdx1Z7b3Z4k3x1H2pS29TPA1w==",
      "dev": true,
      "dependencies": {
        "@babel/core": "^7.24.0",
        "@babel/plugin-transform-react-jsx-develo-pment": "^7.23.3",
        "@babel/plugin-transform-react-jsx-self": "^7.22.5",
        "@babel/plugin-transform-react-jsx-source": "^7.22.5"
      },
      "engines": {
        "node": ">=18.0.0"
      },
      "peerDependencies": {
        "vite": "^4.2.0 || ^5.0.0"
      }
    },
    "node_modules/anymatch": {
      "version": "3.1.3",
      "resolved": "https://registry.npmjs.org/anymatch/-/anymatch-3.1.3.tgz",
      "integrity": "sha512-PZtRuS+OLucAz2h2sA6uEaNl6KjHTrBQ83TPx7/h2d+F0e/Bik+Q+tAkgS4m8p5s/o3tpeI8eB2S2SoXgmwYPg==",
      "dev": true,
      "dependencies": {
        "normalize-path": "^3.0.0",
        "picomatch": "^2.0.4"
      },
      "engines": {
        "node": ">= 8"
      }
    },
    "node_modules/arg": {
      "version": "5.0.2",
      "resolved": "https://registry.npmjs.org/arg/-/arg-5.0.2.tgz",
      "integrity": "sha512-PYI5zcVqf3gQ0a7kizxn1hCcqcyf4a1y5a32b2hPSayjP7a2v7w0aG22aZe7R+iJ2yZJg44dJ/5LFSYt4yurw==",
      "dev": true
    },
    "node_modules/autoprefixer": {
      "version": "10.4.19",
      "resolved": "https://registry.npmjs.org/autoprefixer/-/autoprefixer-10.4.19.tgz",
      "integrity": "sha512-sUqPT3234dDG241s/y245t1nSfrci2D0d3n6qDYQ/zzscQ1QdDDt4Kj4Q2bTX/BOg991i/c2n2LDrA35x2Vz7w==",
      "dev": true,
      "dependencies": {
        "browserslist": "^4.23.0",
        "caniuse-lite": "^1.0.30001599",
        "lilconfig": "^2.1.0",
        "postcss": "^8.4.38",
        "postcss-value-parser": "^4.2.0"
      },
      "bin": {
        "autoprefixer": "bin/autoprefixer"
      },
      "engines": {
        "node": "^10 || ^12 || >=14"
      }
    },
    "node_modules/binary-extensions": {
      "version": "2.3.0",
      "resolved": "https://registry.npmjs.org/binary-extensions/-/binary-extensions-2.3.0.tgz",
      "integrity": "sha512-Q4r8Aic515/8LzPfb4BM3zIe4t2tXf7z+t4eC84/jUoT6/53xuiYhAInmBfT4zMKJq/yP4wG/o70Jp/a+pYcQ==",
      "dev": true,
      "engines": {
        "node": ">=8"
      }
    },
    "node_modules/braces": {
      "version": "3.0.3",
      "resolved": "https://registry.npmjs.org/braces/-/braces-3.0.3.tgz",
      "integrity": "sha512-yoYrdITsJ4rYX2Eu5eNdr8yv9vL2T3sR2S5/4gAN4Qy86t2npBOIn2sXj634gCjC4d6r4K6we9y8zEw0oB3sQ==",
      "dev": true,
      "dependencies": {
        "fill-range": "^7.1.1"
      },
      "engines": {
        "node": ">=8"
      }
    },
    "node_modules/browserslist": {
      "version": "4.23.1",
      "resolved": "https://registry.npmjs.org/browserslist/-/browserslist-4.23.1.tgz",
      "integrity": "sha512-Y1u7o8cPNtL/iQ+7UqL8Tt4r7HhY0X13pTe8b8bGIU80f7mnP2r5G/mfX9+z0X/eI9JGed/jL/7l54lxr3pYCA==",
      "dev": true,
      "funding": [
        {
          "type": "opencollective",
          "url": "https://opencollective.com/browserslist"
        },
        {
          "type": "tidelift",
          "url": "https://tidelift.com/funding/github/npm/browserslist"
        },
        {
          "type": "github",
          "url": "https://github.com/sponsors/ai"
        }
      ],
      "dependencies": {
        "caniuse-lite": "^1.0.30001620",
        "electron-to-chromium": "^1.4.784",
        "node-releases": "^2.0.14",
        "update-browserslist-db": "^1.0.16"
      },
      "bin": {
        "browserslist": "cli.js"
      },
      "engines": {
        "node": "^12 || ^14 || ^16 || ^18 || >=20"
      }
    },
    "node_modules/camelcase-css": {
      "version": "2.0.1",
      "resolved": "https://registry.npmjs.org/camelcase-css/-/camelcase-css-2.0.1.tgz",
      "integrity": "sha512-Q+2l6/ofA4quLk/oI212Cun42g2d213fQ4za23eH50hxdYp255y0002mF3T2FvM4Jm5rAN9mP+Jg+vJtwbPAQ==",
      "dev": true,
      "engines": {
        "node": ">= 6"
      }
    },
    "node_modules/caniuse-lite": {
      "version": "1.0.30001633",
      "resolved": "https://registry.npmjs.org/caniuse-lite/-/caniuse-lite-1.0.30001633.tgz",
      "integrity": "sha512-nLg9I92vjX28f5N3s9PTwXi05PaiAdpG34U3AN+22kLxZqnhfK4v/fJmNhKaxSgH9cMU/vP8j5/m/T4D83T2lw==",
      "dev": true,
      "funding": [
        {
          "type": "opencollective",
          "url": "https://opencollective.com/browserslist"
        },
        {
          "type": "tidelift",
          "url": "https://tidelift.com/funding/github/npm/caniuse-lite"
        }
      ]
    },
    "node_modules/chokidar": {
      "version": "3.6.0",
      "resolved": "https://registry.npmjs.org/chokidar/-/chokidar-3.6.0.tgz",
      "integrity": "sha512-7hNVTo00D153U63Ywg2JSpI3m+Ld/+I2k0VNVTjcksJdlPjBIyutds2l2p2E21QCAOAi6/gP3gm41pE3xIkWKQ==",
      "dev": true,
      "funding": [
        {
          "type": "opencollective",
          "url": "https://opencollective.com/chokidar"
        }
      ],
      "dependencies": {
        "anymatch": "~3.1.3",
        "braces": "~3.0.2",
        "glob-parent": "~5.1.2",
        "is-binary-path": "~2.1.0",
        "is-glob": "~4.0.3",
        "normalize-path": "~3.0.0",
        "readdirp": "~3.6.0"
      },
      "engines": {
        "node": ">= 8.10.0"
      },
      "optionalDependencies": {
        "fsevents": "~2.3.2"
      }
    },
    "node_modules/chokidar/node_modules/glob-parent": {
      "version": "5.1.2",
      "resolved": "https://registry.npmjs.org/glob-parent/-/glob-parent-5.1.2.tgz",
      "integrity": "sha512-AOIgSQCepiCV7ick3A+_bpp4fgQ/5blDei5BildMtvAlACBOB2LdFggxM5fl vik==",
      "dev": true,
      "dependencies": {
        "is-glob": "^4.0.1"
      },
      "engines": {
        "node": ">= 6"
      }
    },
    "node_modules/commander": {
      "version": "4.1.1",
      "resolved": "https://registry.npmjs.org/commander/-/commander-4.1.1.tgz",
      "integrity": "sha512-NOKm8Pzol8RLAb2Vz6E7274VxtmPlzSP+Zw0M5vFrXtnS+wLbaBAgfIsb/ODDEs2fNFtBMM6l7M25VDBMgA==",
      "dev": true,
      "engines": {
        "node": ">= 6"
      }
    },
    "node_modules/cssesc": {
      "version": "3.0.0",
      "resolved": "https://registry.npmjs.org/cssesc/-/cssesc-3.0.0.tgz",
      "integrity": "sha512-/Tb/JcjK111nNSc Gob3XIlowNPaGE9UdolV+m+n6Wv73CgY/g6cI6aQxAPaayb6dgMal2w83e202x7eS4i3Zpg==",
      "dev": true,
      "bin": {
        "cssesc": "bin/cssesc"
      },
      "engines": {
        "node": ">=4"
      }
    },
    "node_modules/csstype": {
      "version": "3.1.3",
      "resolved": "https://registry.npmjs.org/csstype/-/csstype-3.1.3.tgz",
      "integrity": "sha512-M1uQkMl8rQK/szD0LNhtcw/O4s+rGIEVvLu4skcrllNjQk2wdL1CFghOvMR5lsvzpc/00GeHPHAm00f2y3pdgA==",
      "dev": true
    },
    "node_modules/didyoumean": {
      "version": "1.2.2",
      "resolved": "https://registry.npmjs.org/didyoumean/-/didyoumean-1.2.2.tgz",
      "integrity": "sha512-Dnsde4kPhh52pr78vv128o93tu/E6b85y91jQ8/BwNURK/kI+tKOSQdeXtJs2T5aUdf5q2n3IC5Xj/d2vYyVug==",
      "dev": true
    },
    "node_modules/dlv": {
      "version": "1.1.3",
      "resolved": "https://registry.npmjs.org/dlv/-/dlv-1.1.3.tgz",
      "integrity": "sha512-xckQo2HolV5EAELJ0W30r2zpvcr/9cdb23kFN4n1r2m6w0qyTohY121KJW09vTfCsT/2y1zVeqo+b099QYseZA==",
      "dev": true
    },
    "node_modules/electron-to-chromium": {
      "version": "1.4.821",
      "resolved": "https://registry.npmjs.org/electron-to-chromium/-/electron-to-chromium-1.4.821.tgz",
      "integrity": "sha512-T+Nq4HkftPwvqV0rZJtK6/QYjK23dGqgWkXw4l1jMnF3BvW4G8r2MjjK1ZzT5+8QoDvoPj03qP5oaw==",
      "dev": true
    },
    "node_modules/esbuild": {
      "version": "0.19.12",
      "resolved": "https://registry.npmjs.org/esbuild/-/esbuild-0.19.12.tgz",
      "integrity": "sha512-S8bMw5RL7A177l2iA9R2y0eM7V+j5xXgq674y2h3bIs0V0vFTvT7HpQqWZLddr2Erq33z/p6ncjE4a5q/wTI+Q==",
      "dev": true,
      "hasInstallScript": true,
      "bin": {
        "esbuild": "bin/esbuild"
      },
      "engines": {
        "node": ">=12"
      },
      "optionalDependencies": {
        "@esbuild/android-arm": "0.19.12",
        "@esbuild/android-arm64": "0.19.12",
        "@esbuild/android-x64": "0.19.12",
        "@esbuild/darwin-arm64": "0.19.12",
        "@esbuild/darwin-x64": "0.19.12",
        "@esbuild/freebsd-arm64": "0.19.12",
        "@esbuild/freebsd-x64": "0.19.12",
        "@esbuild/linux-arm": "0.19.12",
        "@esbuild/linux-arm64": "0.19.12",
        "@esbuild/linux-ia32": "0.19.12",
        "@esbuild/linux-loong64": "0.19.12",
        "@esbuild/linux-mips64el": "0.19.12",
        "@esbuild/linux-ppc64le": "0.19.12",
        "@esbuild/linux-riscv64": "0.19.12",
        "@esbuild/linux-s390x": "0.19.12",
        "@esbuild/linux-x64": "0.19.12",
        "@esbuild/netbsd-x64": "0.19.12",
        "@esbuild/openbsd-x64": "0.19.12",
        "@esbuild/sunos-x64": "0.19.12",
        "@esbuild/win32-arm64": "0.19.12",
        "@esbuild/win32-ia32": "0.19.12",
        "@esbuild/win32-x64": "0.19.12"
      }
    },
    "node_modules/fast-glob": {
      "version": "3.3.2",
      "resolved": "https://registry.npmjs.org/fast-glob/-/fast-glob-3.3.2.tgz",
      "integrity": "sha512-oX2ruAFQwf/gnEDatSWWa8e2bogv10quIhnIe9DkLri2IedHnIeAmdG42s8cl8eSmxT40k3I4K3Iq3h29w7s2A==",
      "dev": true,
      "dependencies": {
        "@nodelib/fs.stat": "^2.0.2",
        "@nodelib/fs.walk": "^1.2.3",
        "glob-parent": "^5.1.2",
        "micromatch": "^4.0.4"
      },
      "engines": {
        "node": ">=8"
      }
    },
    "node_modules/fast-glob/node_modules/glob-parent": {
      "version": "5.1.2",
      "resolved": "https://registry.npmjs.org/glob-parent/-/glob-parent-5.1.2.tgz",
      "integrity": "sha512-AOIgSQCepiCV7ick3A+_bpp4fgQ/5blDei5BildMtvAlACBOB2LdFggxM5fl vik==",
      "dev": true,
      "dependencies": {
        "is-glob": "^4.0.1"
      },
      "engines": {
        "node": ">= 6"
      }
    },
    "node_modules/fastq": {
      "version": "1.17.1",
      "resolved": "https://registry.npmjs.org/fastq/-/fastq-1.17.1.tgz",
      "integrity": "sha512-eRhi/CkC4IF44A6i3vV3f9G3h33pJf+5lV2g3oQvADM4Zo14o//qMd2E5d654s2DK2QAFxQ/WOLvO3ebIeN2AQ==",
      "dev": true,
      "dependencies": {
        "reusify": "^1.0.4"
      }
    },
    "node_modules/fill-range": {
      "version": "7.1.1",
      "resolved": "https://registry.npmjs.org/fill-range/-/fill-range-7.1.1.tgz",
      "integrity": "sha512-YsGpe342LMCHi7sJ3x+kcl8L23++b+1eB2aMAbvK32t2xtGzJ83e20+2ule6+x01i9r23R0H6Lg77ot22eF1A==",
      "dev": true,
      "dependencies": {
        "to-regex-range": "^5.0.1"
      },
      "engines": {
        "node": ">=8"
      }
    },
    "node_modules/fsevents": {
      "version": "2.3.3",
      "resolved": "https://registry.npmjs.org/fsevents/-/fsevents-2.3.3.tgz",
      "integrity": "sha512-5rrqanwR3wbyjisedPpd8xvrwbcY6I+ezIOi0saLg9vPYrns5Sw2VTckqGP6FvTzXSR9tLKA5 мав==",
      "dev": true,
      "optional": true,
      "os": [
        "darwin"
      ],
      "engines": {
        "node": "^8.16.0 || ^10.6.0 || >=12.0.0"
      }
    },
    "node_modules/glob-parent": {
      "version": "6.0.2",
      "resolved": "https://registry.npmjs.org/glob-parent/-/glob-parent-6.0.2.tgz",
      "integrity": "sha512-XxwI8EOhVQgWp6iDL+3b0r86f4d/ll2dVfgb9KevEvQo69zgzaoG2ur/A5i8WrJhxe5IOJUN2KU4g+OgTjw3dg==",
      "dev": true,
      "dependencies": {
        "is-glob": "^4.0.3"
      },
      "engines": {
        "node": ">=10.13.0"
      }
    },
    "node_modules/has-flag": {
      "version": "4.0.0",
      "resolved": "https://registry.npmjs.org/has-flag/-/has-flag-4.0.0.tgz",
      "integrity": "sha512-EykJT/Q1KjTWctppgA3otP0BwHNorlA7wIxiACLzKua5tm5vAF4j3zodpA9ynlA9obNtpgg58lU9VctneAlTdQ==",
      "dev": true,
      "engines": {
        "node": ">=8"
      }
    },
    "node_modules/is-binary-path": {
      "version": "2.1.0",
      "resolved": "https://registry.npmjs.org/is-binary-path/-/is-binary-path-2.1.0.tgz",
      "integrity": "sha512-Zz/b4uBdpV6MhE1o9AwT6f/32dtjPk3k93DkdnvFAa4abK3Q2oE2yC/9Meo9EKPjIq1kPVEo2l3F0jE59s3gDg==",
      "dev": true,
      "dependencies": {
        "binary-extensions": "^2.0.0"
      },
      "engines": {
        "node": ">=8"
      }
    },
    "node_modules/is-extglob": {
      "version": "2.1.1",
      "resolved": "https://registry.npmjs.org/is-extglob/-/is-extglob-2.1.1.tgz",
      "integrity": "sha512-ja2A1zcmA3r64lR4hf2+T5sewKiV6U52E/L52S+iS2rOLAnTAb6pdoffzTABALoqyjuNRYoExtz3sOPenQW7uA==",
      "dev": true,
      "engines": {
        "node": ">=0.10.0"
      }
    },
    "node_modules/is-glob": {
      "version": "4.0.3",
      "resolved": "https://registry.npmjs.org/is-glob/-/is-glob-4.0.3.tgz",
      "integrity": "sha512-xelSayHH36ZgE7ZWhli7pW34hNbNl8Ojv5KVmkJD4hA/CcZEuBvdbytm56SY2eCfiN4elocAU/7+lWKZa/gv7g==",
      "dev": true,
      "dependencies": {
        "is-extglob": "^2.1.1"
      },
      "engines": {
        "node": ">=0.10.0"
      }
    },
    "node_modules/is-number": {
      "version": "7.0.0",
      "resolved": "https://registry.npmjs.org/is-number/-/is-number-7.0.0.tgz",
      "integrity": "sha512-41Cifkg6e8TylSpdtDbbYKSoalayDESgtSPl5jOg6hFw6E8wBcmFkzavk deste==",
      "dev": true,
      "engines": {
        "node": ">=0.12.0"
      }
    },
    "node_modules/jiti": {
      "version": "1.21.0",
      "resolved": "https://registry.npmjs.org/jiti/-/jiti-1.21.0.tgz",
      "integrity": "sha512-gFqAI5OnTf23tkxKxPVg+K13jao2CUaBw2r7vPvoHX62k2w15Sf0gCFoDoxs4MZwBwz60VBY4RNLp5JAdhYy2w==",
      "dev": true
    },
    "node_modules/js-tokens": {
      "version": "4.0.0",
      "resolved": "https://registry.npmjs.org/js-tokens/-/js-tokens-4.0.0.tgz",
      "integrity": "sha512-RdJUflcE3cUzKiMqQgsCu06FPu9UdIJO0beYbPhHN4k6apgJtifcoCtT9bcxOpYBtpD2kCM6Sbzg4CausW/PKQ=="
    },
    "node_modules/lilconfig": {
      "version": "2.1.0",
      "resolved": "https://registry.npmjs.org/lilconfig/-/lilconfig-2.1.0.tgz",
      "integrity": "sha512-utWOt/AqXTXZ3eL48vC6IThkc+8YOe4hrM3E3/i/pWvA3I13aKHQ4sCF2053w9v+v4ud6izD3M2Qy7o2qd11Sw==",
      "dev": true,
      "engines": {
        "node": ">=10"
      }
    },
    "node_modules/lines-and-columns": {
      "version": "1.2.4",
      "resolved": "https://registry.npmjs.org/lines-and-columns/-/lines-and-columns-1.2.4.tgz",
      "integrity": "sha512-7ylyqMGhLFiSY4LG3+zw6pYkux3vzKryDQe4d9n/69wUKi983S/oiC59loLPoltG2E6cs0283Tj37A7s/3G3EA==",
      "dev": true
    },
    "node_modules/loose-envify": {
      "version": "1.4.0",
      "resolved": "https://registry.npmjs.org/loose-envify/-/loose-envify-1.4.0.tgz",
      "integrity": "sha512-lyuxPGr/Wfhrlem2CL/UcnUc1zcqKAImBDzukY7Y5F/yQi15zgaUkyVfpGsCS1SS14AI/gXkYNcRnbIzR0NidA==",
      "dependencies": {
        "js-tokens": "^3.0.0 || ^4.0.0"
      },
      "bin": {
        "envify": "cli.js"
      }
    },
    "node_modules/micromatch": {
      "version": "4.0.5",
      "resolved": "https://registry.npmjs.org/micromatch/-/micromatch-4.0.5.tgz",
      "integrity": "sha512-DMy+ERcEW2q8Z2S+n2cAhaS0HsjwubXAbFpA0gXmwWymh5I6Zc15nA2pFRaxAwI3lcs2jT8iROXo2IOhUx1tgQ==",
      "dev": true,
      "dependencies": {
        "braces": "^3.0.2",
        "picomatch": "^2.3.1"
      },
      "engines": {
        "node": ">=8.6"
      }
    },
    "node_modules/nanoid": {
      "version": "3.3.7",
      "resolved": "https://registry.npmjs.org/nanoid/-/nanoid-3.3.7.tgz",
      "integrity": "sha512-eSRppjcPIat8EXwGEJRYXBcdOU0sc2b7eTtoJsTGIhHSAtnIXPmkbsoCs+6QEx8DktJ7g1b/20o3XbNn4L2s+w==",
      "dev": true,
      "funding": [
        {
          "type": "github",
          "url": "https://github.com/sponsors/ai"
        }
      ],
      "bin": {
        "nanoid": "bin/nanoid.js"
      },
      "engines": {
        "node": "^10 || ^12 || ^13.7 || ^14 || >=15.0.1"
      }
    },
    "node_modules/node-releases": {
      "version": "2.0.14",
      "resolved": "https://registry.npmjs.org/node-releases/-/node-releases-2.0.14.tgz",
      "integrity": "sha512-yJ+1sKsoQIln34G7h5CHo9UaUpcPTsQGz4rUo2kfHPE0/o+lK7ig0xTqa2c5mYx2fH2T5Iqgqn05m/n4cSU+3Q==",
      "dev": true
    },
    "node_modules/normalize-path": {
      "version": "3.0.0",
      "resolved": "https://registry.npmjs.org/normalize-path/-/normalize-path-3.0.0.tgz",
      "integrity": "sha512-6eZs5Ls3rTQHSOvhPeGOVOK1onD6PiynN0cI8/Tz2WLEhyS4bo7gEonkvtAbkw3FPrVrvdQbVokrPW1YkU7o5w==",
      "dev": true,
      "engines": {
        "node": ">=0.10.0"
      }
    },
    "node_modules/object-hash": {
      "version": "3.0.0",
      "resolved": "https://registry.npmjs.org/object-hash/-/object-hash-3.0.0.tgz",
      "integrity": "sha512-RSn9F68PjH9HqtltsSnqYC1XXoWes5hHYjD2lM4h2e8r94DGsize4NS24I3s42AALY92FIE2ySgCgBmqD2N2aQ==",
      "dev": true,
      "engines": {
        "node": ">= 6"
      }
    },
    "node_modules/p-limit": {
      "version": "2.3.0",
      "resolved": "https://registry.npmjs.org/p-limit/-/p-limit-2.3.0.tgz",
      "integrity": "sha512-//88mFWSJx8Z/L0EbldyAGHTUOnhAFgCEIot/TfNxUuKzhvVlSMCz+zTFWw0NBrj32hHB8wPPd2t55DE5o40KQ==",
      "dev": true,
      "dependencies": {
        "p-try": "^2.0.0"
      },
      "engines": {
        "node": ">=6"
      }
    },
    "node_modules/p-try": {
      "version": "2.2.0",
      "resolved": "https://registry.npmjs.org/p-try/-/p-try-2.2.0.tgz",
      "integrity": "sha512-R4nPAVTAU0B9D35/Gk3uJf/7XYbQcyohSKdvAxIRSNghFl4e71hVoGnBNQz9cWaXxO2I10KTC+3jMdvvoDhY2w==",
      "dev": true,
      "engines": {
        "node": ">=6"
      }
    },
    "node_modules/path-parse": {
      "version": "1.0.7",
      "resolved": "https://registry.npmjs.org/path-parse/-/path-parse-1.0.7.tgz",
      "integrity": "sha512-LDJzPVg+qWo7mFSOpFbqbEgoUe24cuE5e0MAOAD6gYgJkbt5iAIE6i4+byhvarxwpPvP5ahUeEvwDe7+zrrUgQ==",
      "dev": true
    },
    "node_modules/picocolors": {
      "version": "1.0.1",
      "resolved": "https://registry.npmjs.org/picocolors/-/picocolors-1.0.1.tgz",
      "integrity": "sha512-anQdj8d8G21cWOPUB2I0v6g2/8u1Ggks+6dXZ5z4f83e2l4k4T4/iF2Yhcq15u2vD38vtW4p2iHq24a0ko5wQ==",
      "dev": true
    },
    "node_modules/picomatch": {
      "version": "2.3.1",
      "resolved": "https://registry.npmjs.org/picomatch/-/picomatch-2.3.1.tgz",
      "integrity": "sha512-JU3teI6E3YiNqAnD4YlXvWf3cZ3KltwEGden9IuStlXkLoSatJSkTfjCaC8USp/2wDdw1Zc245NdRg0h3dcD2w==",
      "dev": true,
      "engines": {
        "node": ">=8.6"
      }
    },
    "node_modules/postcss": {
      "version": "8.4.38",
      "resolved": "https://registry.npmjs.org/postcss/-/postcss-8.4.38.tgz",
      "integrity": "sha512-addJNiBpu6v7g1wks15/1O2N8/e89y8L8a8s/o73a0+y2vSn4lhi7V21a4s6Yp7uhPuejrPAo+wP9mowxY2zQ==",
      "dev": true,
      "funding": [
        {
          "type": "opencollective",
          "url": "https://opencollective.com/postcss/"
        },
        {
          "type": "github",
          "url": "https://github.com/sponsors/ai"
        }
      ],
      "dependencies": {
        "nanoid": "^3.3.7",
        "picocolors": "^1.0.0",
        "source-map-js": "^1.2.0"
      },
      "engines": {
        "node": "^10 || ^12 || >=14"
      }
    },
    "node_modules/postcss-import": {
      "version": "15.1.0",
      "resolved": "https://registry.npmjs.org/postcss-import/-/postcss-import-15.1.0.tgz",
      "integrity": "sha512-ifQ8/73+t/Ie5Uikd4kCt5tvb5b1ap2z2xM3g6s/b8JdZOlMC8QkwtEH2+3jJkQ4h2yKzXl2eR3BPn6T5v20TA==",
      "dev": true,
      "dependencies": {
        "postcss-value-parser": "^4.2.0",
        "read-cache": "^1.0.0",
        "resolve": "^1.22.8"
      },
      "engines": {
        "node": ">=14.0.0"
      },
      "peerDependencies": {
        "postcss": "^8.0.0"
      }
    },
    "node_modules/postcss-js": {
      "version": "4.0.1",
      "resolved": "https://registry.npmjs.org/postcss-js/-/postcss-js-4.0.1.tgz",
      "integrity": "sha512-dDLFh3gorxta9p9ihdD1C228K58Ah+Qh8rdHyzHw2/3iT0KL2I8001V5lVoo22d5q5/l4Qe1s2yGf3KqE+6YVA==",
      "dev": true,
      "dependencies": {
        "camelcase-css": "^2.0.1"
      },
      "engines": {
        "node": "^12 || ^14 || >= 16"
      },
      "peerDependencies": {
        "postcss": "^8.4.21"
      }
    },
    "node_modules/postcss-load-config": {
      "version": "4.0.2",
      "resolved": "https://registry.npmjs.org/postcss-load-config/-/postcss-load-config-4.0.2.tgz",
      "integrity": "sha512-bHmy5s2aC7s82Dp2F/UXgaKx43Tlp6r3L8hxtCJxLWe03M3APo2k48dajC25Xaaqjr4gok/sqc9jZo38GWyHfw==",
      "dev": true,
      "dependencies": {
        "jiti": "^1.18.2",
        "lilconfig": "^2.1.0"
      },
      "engines": {
        "node": ">= 14"
      }
    },
    "node_modules/postcss-nested": {
      "version": "6.0.1",
      "resolved": "https://registry.npmjs.org/postcss-nested/-/postcss-nested-6.0.1.tgz",
      "integrity": "sha512-m39L3UDb7/1q4q8n6+h1n+hXnirlMK3nWE9z SPL32dnTAgIsiXhK2/JAEsL5ng/zPzaA1gwsCYm9l1O2L2GSmA==",
      "dev": true,
      "dependencies": {
        "postcss-selector-parser": "^6.0.11"
      },
      "engines": {
        "node": ">=12.0.0"
      },
      "peerDependencies": {
        "postcss": "^8.2.14"
      }
    },
    "node_modules/postcss-selector-parser": {
      "version": "6.0.16",
      "resolved": "https://registry.npmjs.org/postcss-selector-parser/-/postcss-selector-parser-6.0.16.tgz",
      "integrity": "sha512-A0/zP8N8k39lT636d1J49wN25v5uXy3Q3vdlILm+S/30/1328i3p20NZ7i37flp6g5h3p1FRn4aK2y+3w03MQ==",
      "dev": true,
      "dependencies": {
        "cssesc": "^3.0.0",
        "util-deprecate": "^1.0.2"
      },
      "engines": {
        "node": ">=6"
      }
    },
    "node_modules/postcss-value-parser": {
      "version": "4.2.0",
      "resolved": "https://registry.npmjs.org/postcss-value-parser/-/postcss-value-parser-4.2.0.tgz",
      "integrity": "sha512-1NNCs6uurfkVbeXG4S8JFT9t19m45aifIkjwJwdwVM+M3i56rDCzhAnlHcdqINO4QkTwKqORhJboysSt2Eh5A==",
      "dev": true
    },
    "node_modules/react": {
      "version": "18.3.1",
      "resolved": "https://registry.npmjs.org/react/-/react-18.3.1.tgz",
      "integrity": "sha512-wS+hAgJShR0KhEv7A+S7m1gD1QMh8o9yMbU8OkoZrwveP0bYw1EMIZsY/VRcFCKJOLWh0io9bFrUvJa0bNjFrw==",
      "dependencies": {
        "loose-envify": "^1.1.0"
      },
      "engines": {
        "node": ">=0.10.0"
      }
    },
    "node_modules/react-dom": {
      "version": "18.3.1",
      "resolved": "https://registry.npmjs.org/react-dom/-/react-dom-18.3.1.tgz",
      "integrity": "sha512-5m4lB4m1b9ooBHsCEToAbs+NE2tdOB5aReR4aN2pX/2yP8Z3ozRNX3+f6s18CkBioX2hAynp4Q822P/I8w9w0w==",
      "dependencies": {
        "loose-envify": "^1.1.0",
        "scheduler": "^0.23.2"
      },
      "peerDependencies": {
        "react": "^18.3.1"
      }
    },
    "node_modules/readdirp": {
      "version": "3.6.0",
      "resolved": "https://registry.npmjs.org/readdirp/-/readdirp-3.6.0.tgz",
      "integrity": "sha512-hOS089on80YdUqJduuBe2S442fR21w7MReoIs+EV75vXxh2ilADct2zCDqPSgbfgIFSEXWIFM3NTOwUhi3zwwg==",
      "dev": true,
      "dependencies": {
        "picomatch": "^2.2.1"
      },
      "engines": {
        "node": ">=8.10.0"
      }
    },
    "node_modules/regenerator-runtime": {
      "version": "0.14.1",
      "resolved": "https://registry.npmjs.org/regenerator-runtime/-/regenerator-runtime-0.14.1.tgz",
      "integrity": "sha512-dYnhHh0nJoMfnkZs6GmmhFknAGRrLznOu5nc9ML+EJxGvrx6H7teuevqVqCuPcPK//3eDrrjQhehXVx9cnkGdw=="
    },
    "node_modules/reusify": {
      "version": "1.0.4",
      "resolved": "https://registry.npmjs.org/reusify/-/reusify-1.0.4.tgz",
      "integrity": "sha512-U9nH88a3fc/ekCF1l0/UP1IosiuIgetUvEliXXjhhH6D9B9CJEmMedNg0+gQzSzwKh7ev7vSLQFXXsntCVHTwg==",
      "dev": true,
      "engines": {
        "node": ">=4"
      }
    },
    "node_modules/resolve": {
      "version": "1.22.8",
      "resolved": "https://registry.npmjs.org/resolve/-/resolve-1.22.8.tgz",
      "integrity": "sha512-oKWeNYTSm54biI+g3pD7n7hrH2ye2D/A7pC9iQ3T9oE4ePFb0Gcp2w7QY6N3AD/52kD85s0d75x5gOQoAECfQ==",
      "dev": true,
      "dependencies": {
        "is-core-module": "^2.13.0",
        "path-parse": "^1.0.7",
        "supports-preserve-symlinks-flag": "^1.0.0"
      },
      "bin": {
        "resolve": "bin/resolve"
      },
      "funding": {
        "url": "https://github.com/sponsors/ljharb"
      }
    },
    "node_modules/rollup": {
      "version": "4.18.0",
      "resolved": "https://registry.npmjs.org/rollup/-/rollup-4.18.0.tgz",
      "integrity": "sha512-32PC5QAUe+wF9s32M2/uQy//B2j31xvoW85h1d5BFw0g3V122hQyEa/2aYa/ffI8/Clv55ypzvl1XW31yV/Lhg==",
      "dev": true,
      "bin": {
        "rollup": "dist/bin/rollup"
      },
      "engines": {
        "node": ">=18.0.0",
        "npm": ">=8.0.0"
      },
      "optionalDependencies": {
        "fsevents": "~2.3.2"
      }
    },
    "node_modules/scheduler": {
      "version": "0.23.2",
      "resolved": "https://registry.npmjs.org/scheduler/-/scheduler-0.23.2.tgz",
      "integrity": "sha512-E0A5a+R3LfK4D0adadSoVojs04aAitvJ1OAvL8g23e0k2n22v2T/3utD1a3sMCaA8553018x38R/W0k18yZ1g==",
      "dependencies": {
        "loose-envify": "^1.1.0"
      }
    },
    "node_modules/source-map-js": {
      "version": "1.2.0",
      "resolved": "https://registry.npmjs.org/source-map-js/-/source-map-js-1.2.0.tgz",
      "integrity": "sha512-itJW8lvSA0imCUNJZiif99FvFe7x99oY/152FIxN/5aF4DXx49W/o71fC4+CMvU1bk7G9stjVb/sP2iP7y0gPQ==",
      "dev": true,
      "engines": {
        "node": ">=0.10.0"
      }
    },
    "node_modules/sucrase": {
      "version": "3.35.0",
      "resolved": "https://registry.npmjs.org/sucrase/-/sucrase-3.35.0.tgz",
      "integrity": "sha512-42Tf3SNs45aABe4e5Qe6Tdr2xSak3I1k5v2aYWpCucb8w/T1l2TNBsAORs42UW1e2Oe8vyow2/mWdBt6TjL8pQ==",
      "dev": true,
      "dependencies": {
        "@jridgewell/gen-mapping": "^0.3.5",
        "commander": "^4.1.1",
        "lines-and-columns": "^1.2.4",
        "picocolors": "^1.0.0"
      },
      "bin": {
        "sucrase": "bin/sucrase",
        "sucrase-node": "bin/sucrase-node"
      },
      "engines": {
        "node": ">=10"
      }
    },
    "node_modules/supports-color": {
      "version": "7.2.0",
      "resolved": "https://registry.npmjs.org/supports-color/-/supports-color-7.2.0.tgz",
      "integrity": "sha512-qpCAvRl9stuOHveKsn7HncJRvv501qIacKzQlO/+Lwxc9+0q2wLyvNzEpceWTogkySWOBZmqgWrSXCRrMcEkTQ==",
      "dev": true,
      "dependencies": {
        "has-flag": "^4.0.0"
      },
      "engines": {
        "node": ">=8"
      }
    },
    "node_modules/supports-preserve-symlinks-flag": {
      "version": "1.0.0",
      "resolved": "https://registry.npmjs.org/supports-preserve-symlinks-flag/-/supports-preserve-symlinks-flag-1.0.0.tgz",
      "integrity": "sha512-ot0WnSXPJeJol45Fp2gmoLCkeze8Vkpcoj4iQNfA1pdrr4lXSV6qKsn7bFNp/elRdk07gke/LotFF8rpglTm4Q==",
      "dev": true,
      "engines": {
        "node": ">= 0.4"
      }
    },
    "node_modules/tailwindcss": {
      "version": "3.4.4",
      "resolved": "https://registry.npmjs.org/tailwindcss/-/tailwindcss-3.4.4.tgz",
      "integrity": "sha512-qKDDm2NnEVsQc0d4aPAx4xT3jO1xaIu02hPIffm2suvHs4FNhk08/w0WbJmK0bHGt5344dMdpqP4IqB9t/414g==",
      "dev": true,
      "dependencies": {
        "arg": "^5.0.2",
        "chokidar": "^3.6.0",
        "didyoumean": "^1.2.2",
        "dlv": "^1.1.3",
        "fast-glob": "^3.3.2",
        "glob-parent": "^6.0.2",
        "is-glob": "^4.0.3",
        "jiti": "^1.21.0",
        "lilconfig": "^2.1.0",
        "normalize-path": "^3.0.0",
        "object-hash": "^3.0.0",
        "picocolors": "^1.0.1",
        "postcss": "^8.4.38",
        "postcss-import": "^15.1.0",
        "postcss-js": "^4.0.1",
        "postcss-load-config": "^4.0.2",
        "postcss-nested": "^6.0.1",
        "postcss-selector-parser": "^6.0.16",
        "resolve": "^1.22.8",
        "sucrase": "^3.35.0"
      },
      "bin": {
        "tailwind": "lib/cli.js",
        "tailwindcss": "lib/cli.js"
      },
      "engines": {
        "node": ">=16.14.0"
      }
    },
    "node_modules/to-regex-range": {
      "version": "5.0.1",
      "resolved": "https://registry.npmjs.org/to-regex-range/-/to-regex-range-5.0.1.tgz",
      "integrity": "sha512-652pblA1nYCSn2hVGeU633a02U5vBk57+Z4hANOo9kR/g3Rre1zX7Ndi+dFEOWo84g2lovxqtRiaO5yElIgpGw==",
      "dev": true,
      "dependencies": {
        "is-number": "^7.0.0"
      },
      "engines": {
        "node": ">=8.0"
      }
    },
    "node_modules/typescript": {
      "version": "5.4.5",
      "resolved": "https://registry.npmjs.org/typescript/-/typescript-5.4.5.tgz",
      "integrity": "sha512-vcI4UpRgg81oXqd8ENYLdtX22AORt7BFKc5voUarBwzS9oIaYGo8vv1DgjM5T1jImB2oCB2ua2vPDsS3JunOdg==",
      "dev": true,
      "bin": {
        "tsc": "bin/tsc",
        "tsserver": "bin/tsserver"
      },
      "engines": {
        "node": ">=14.17"
      }
    },
    "node_modules/update-browserslist-db": {
      "version": "1.0.17",
      "resolved": "https://registry.npmjs.org/update-browserslist-db/-/update-browserslist-db-1.0.17.tgz",
      "integrity": "sha512-Psl5Ubx4N3+p2T12oTs6mN5p4L1K02z9c6BYAfEYPTATpWPD4T2mL+OaEx0w5VbhbXyq8yP1f0J6f9Xm2eP3Xw==",
      "dev": true,
      "funding": [
        {
          "type": "opencollective",
          "url": "https://opencollective.com/browserslist"
        },
        {
          "type": "tidelift",
          "url": "https://tidelift.com/funding/github/npm/browserslist"
        }
      ],
      "dependencies": {
        "picocolors": "^1.0.0"
      },
      "bin": {
        "update-browserslist-db": "cli.js"
      },
      "peerDependencies": {
        "browserslist": ">= 4.21.0"
      }
    },
    "node_modules/util-deprecate": {
      "version": "1.0.2",
      "resolved": "https://registry.npmjs.org/util-deprecate/-/util-deprecate-1.0.2.tgz",
      "integrity": "sha512-EPD5q19y8OACLj4JpL6f/Vihza+dYj0NdhCrNBNDECPzhewjIFeB2zbslI8iB2p30K68+rW3w3LpdPuAVgtmFg==",
      "dev": true
    },
    "node_modules/vite": {
      "version": "5.3.1",
      "resolved": "https://registry.npmjs.org/vite/-/vite-5.3.1.tgz",
      "integrity": "sha512-v2aVvGP3+bT0d8ZhbF+sJkk0T8gCqFLOFs8eI/0yS0n4/yqcQ1Xp6L/4yWn1vy+44nmAm1s/r8Xk+U+aJ55Y3g==",
      "dev": true,
      "dependencies": {
        "esbuild": "^0.21.2",
        "postcss": "^8.4.38",
        "rollup": "^4.17.2"
      },
      "bin": {
        "vite": "bin/vite.js"
      },
      "engines": {
        "node": "^18.0.0 || >=20.0.0"
      },
      "funding": {
        "url": "https://github.com/sponsors/yyx990803"
      },
      "optionalDependencies": {
        "fsevents": "~2.3.3"
      },
      "peerDependencies": {
        "@types/node": "^18.0.0 || >=20.0.0",
        "terser": "^5.29.1"
      },
      "peerDependenciesMeta": {
        "@types/node": {
          "optional": true
        },
        "terser": {
          "optional": true
        }
      }
    },
    "node_modules/vite/node_modules/esbuild": {
      "version": "0.21.5",
      "resolved": "https://registry.npmjs.org/esbuild/-/esbuild-0.21.5.tgz",
      "integrity": "sha512-MAAa42bICIEql24vIuN114N1zL3abpTf4j8nsdCAl4F5wPA2E0gBuJ2tBAp85x+r0ci4kvgcyvFr1t3d+xYB3w==",
      "dev": true,
      "hasInstallScript": true,
      "bin": {
        "esbuild": "bin/esbuild"
      },
      "engines": {
        "node": ">=12"
      },
      "optionalDependencies": {
        "@esbuild/android-arm": "0.21.5",
        "@esbuild/android-arm64": "0.21.5",
        "@esbuild/android-x64": "0.21.5",
        "@esbuild/darwin-arm64": "0.21.5",
        "@esbuild/darwin-x64": "0.21.5",
        "@esbuild/freebsd-arm64": "0.21.5",
        "@esbuild/freebsd-x64": "0.21.5",
        "@esbuild/linux-arm": "0.21.5",
        "@esbuild/linux-arm64": "0.21.5",
        "@esbuild/linux-ia32": "0.21.5",
        "@esbuild/linux-loong64": "0.21.5",
        "@esbuild/linux-mips64el": "0.21.5",
        "@esbuild/linux-ppc64": "0.21.5",
        "@esbuild/linux-riscv64": "0.21.5",
        "@esbuild/linux-s390x": "0.21.5",
        "@esbuild/linux-x64": "0.21.5",
        "@esbuild/netbsd-x64": "0.21.5",
        "@esbuild/openbsd-x64": "0.21.5",
        "@esbuild/sunos-x64": "0.21.5",
        "@esbuild/win32-arm64": "0.21.5",
        "@esbuild/win32-ia32": "0.21.5",
        "@esbuild/win32-x64": "0.21.5"
      }
    }
  }
}
